{
  "object": {
    "pins": [
      {
        "package": "HiveEngine",
        "repositoryURL": "git@github.com:josephroquedev/hive-engine.git",
        "state": {
          "branch": "master",
          "revision": "1740958879aeac8fbae6b399c16f85ddb8fbfb41",
          "version": null
        }
      }
    ]
  },
  "version": 1
}
