{
  "object": {
    "pins": [
      {
        "package": "Core",
        "repositoryURL": "https://github.com/vapor/core.git",
        "state": {
          "branch": null,
          "revision": "2731f8ba0cf274a61c9bd6ab43550f692ffaf879",
          "version": "3.9.0"
        }
      },
      {
        "package": "Crypto",
        "repositoryURL": "https://github.com/vapor/crypto.git",
        "state": {
          "branch": null,
          "revision": "df8eb7d8ae51787b3a0628aa3975e67666da936c",
          "version": "3.3.3"
        }
      },
      {
        "package": "HiveEngine",
        "repositoryURL": "https://github.com/josephroquedev/hive-engine.git",
        "state": {
          "branch": null,
          "revision": "2f310823544c6d6d6799316f7c2df56ebd04a01b",
          "version": "1.2.0"
        }
      },
      {
        "package": "HTTP",
        "repositoryURL": "https://github.com/vapor/http.git",
        "state": {
          "branch": null,
          "revision": "254a0a0cbf22a02b697a075a0d2ddbb448bb7c87",
          "version": "3.2.0"
        }
      },
      {
        "package": "swift-nio",
        "repositoryURL": "https://github.com/apple/swift-nio.git",
        "state": {
          "branch": null,
          "revision": "ba7970fe396e8198b84c6c1b44b38a1d4e2eb6bd",
          "version": "1.14.1"
        }
      },
      {
        "package": "swift-nio-ssl",
        "repositoryURL": "https://github.com/apple/swift-nio-ssl.git",
        "state": {
          "branch": null,
          "revision": "0f3999f3e3c359cc74480c292644c3419e44a12f",
          "version": "1.4.0"
        }
      },
      {
        "package": "swift-nio-ssl-support",
        "repositoryURL": "https://github.com/apple/swift-nio-ssl-support.git",
        "state": {
          "branch": null,
          "revision": "c02eec4e0e6d351cd092938cf44195a8e669f555",
          "version": "1.0.0"
        }
      },
      {
        "package": "swift-nio-zlib-support",
        "repositoryURL": "https://github.com/apple/swift-nio-zlib-support.git",
        "state": {
          "branch": null,
          "revision": "37760e9a52030bb9011972c5213c3350fa9d41fd",
          "version": "1.0.0"
        }
      },
      {
        "package": "WebSocket",
        "repositoryURL": "https://github.com/vapor/websocket.git",
        "state": {
          "branch": null,
          "revision": "d85e5b6dce4d04065865f77385fc3324f98178f6",
          "version": "1.1.2"
        }
      }
    ]
  },
  "version": 1
}
