{
  "object": {
    "pins": [
      {
        "package": "HiveEngine",
        "repositoryURL": "git@github.com:josephroquedev/hive-engine.git",
        "state": {
          "branch": "master",
          "revision": "9a3d6384c5c5959459f3042aa0c92c2dda2dff7c",
          "version": null
        }
      }
    ]
  },
  "version": 1
}
