// !$*UTF8*$!
{
	archiveVersion = 1;
	classes = {
	};
	objectVersion = 50;
	objects = {

/* Begin PBXBuildFile section */
		CA3775D7220C691200A2E1C3 /* main.swift in Sources */ = {isa = PBXBuildFile; fileRef = CA3775D6220C691200A2E1C3 /* main.swift */; };
		CA3775E1220D239900A2E1C3 /* Unit.swift in Sources */ = {isa = PBXBuildFile; fileRef = CA3775E0220D239900A2E1C3 /* Unit.swift */; };
		CA3775E4220D260200A2E1C3 /* GameState.swift in Sources */ = {isa = PBXBuildFile; fileRef = CA3775E3220D260200A2E1C3 /* GameState.swift */; };
		CA3775E6220D266D00A2E1C3 /* Position.swift in Sources */ = {isa = PBXBuildFile; fileRef = CA3775E5220D266D00A2E1C3 /* Position.swift */; };
		CA3775E8220D267D00A2E1C3 /* Movement.swift in Sources */ = {isa = PBXBuildFile; fileRef = CA3775E7220D267D00A2E1C3 /* Movement.swift */; };
		CADD1D92220DABAD001FCDC6 /* Collection+Extensions.swift in Sources */ = {isa = PBXBuildFile; fileRef = CADD1D91220DABAD001FCDC6 /* Collection+Extensions.swift */; };
		CADD1D94220DC860001FCDC6 /* Unit+Ant.swift in Sources */ = {isa = PBXBuildFile; fileRef = CADD1D93220DC860001FCDC6 /* Unit+Ant.swift */; };
		CADD1D97220DC8B5001FCDC6 /* Unit+Beetle.swift in Sources */ = {isa = PBXBuildFile; fileRef = CADD1D96220DC8B5001FCDC6 /* Unit+Beetle.swift */; };
		CADD1D99220DE328001FCDC6 /* Player.swift in Sources */ = {isa = PBXBuildFile; fileRef = CADD1D98220DE328001FCDC6 /* Player.swift */; };
		CADD1D9B220DE6CD001FCDC6 /* Unit+Queen.swift in Sources */ = {isa = PBXBuildFile; fileRef = CADD1D9A220DE6CD001FCDC6 /* Unit+Queen.swift */; };
		CADD1D9D220E75D1001FCDC6 /* Unit+Spider.swift in Sources */ = {isa = PBXBuildFile; fileRef = CADD1D9C220E75D1001FCDC6 /* Unit+Spider.swift */; };
		CADD1D9F220E75DD001FCDC6 /* Unit+PillBug.swift in Sources */ = {isa = PBXBuildFile; fileRef = CADD1D9E220E75DD001FCDC6 /* Unit+PillBug.swift */; };
		CADD1DA1220E75E6001FCDC6 /* Unit+LadyBug.swift in Sources */ = {isa = PBXBuildFile; fileRef = CADD1DA0220E75E6001FCDC6 /* Unit+LadyBug.swift */; };
		CADD1DA3220E75EE001FCDC6 /* Unit+Hopper.swift in Sources */ = {isa = PBXBuildFile; fileRef = CADD1DA2220E75EE001FCDC6 /* Unit+Hopper.swift */; };
		CADD1DA5220E75F6001FCDC6 /* Unit+Mosquito.swift in Sources */ = {isa = PBXBuildFile; fileRef = CADD1DA4220E75F6001FCDC6 /* Unit+Mosquito.swift */; };
/* End PBXBuildFile section */

/* Begin PBXCopyFilesBuildPhase section */
		CA3775D1220C691200A2E1C3 /* CopyFiles */ = {
			isa = PBXCopyFilesBuildPhase;
			buildActionMask = 2147483647;
			dstPath = /usr/share/man/man1/;
			dstSubfolderSpec = 0;
			files = (
			);
			runOnlyForDeploymentPostprocessing = 1;
		};
/* End PBXCopyFilesBuildPhase section */

/* Begin PBXFileReference section */
		CA3775D3220C691200A2E1C3 /* HiveMind */ = {isa = PBXFileReference; explicitFileType = "compiled.mach-o.executable"; includeInIndex = 0; path = HiveMind; sourceTree = BUILT_PRODUCTS_DIR; };
		CA3775D6220C691200A2E1C3 /* main.swift */ = {isa = PBXFileReference; lastKnownFileType = sourcecode.swift; path = main.swift; sourceTree = "<group>"; };
		CA3775E0220D239900A2E1C3 /* Unit.swift */ = {isa = PBXFileReference; lastKnownFileType = sourcecode.swift; path = Unit.swift; sourceTree = "<group>"; };
		CA3775E3220D260200A2E1C3 /* GameState.swift */ = {isa = PBXFileReference; lastKnownFileType = sourcecode.swift; path = GameState.swift; sourceTree = "<group>"; };
		CA3775E5220D266D00A2E1C3 /* Position.swift */ = {isa = PBXFileReference; lastKnownFileType = sourcecode.swift; path = Position.swift; sourceTree = "<group>"; };
		CA3775E7220D267D00A2E1C3 /* Movement.swift */ = {isa = PBXFileReference; lastKnownFileType = sourcecode.swift; path = Movement.swift; sourceTree = "<group>"; };
		CADD1D91220DABAD001FCDC6 /* Collection+Extensions.swift */ = {isa = PBXFileReference; lastKnownFileType = sourcecode.swift; path = "Collection+Extensions.swift"; sourceTree = "<group>"; };
		CADD1D93220DC860001FCDC6 /* Unit+Ant.swift */ = {isa = PBXFileReference; lastKnownFileType = sourcecode.swift; path = "Unit+Ant.swift"; sourceTree = "<group>"; };
		CADD1D96220DC8B5001FCDC6 /* Unit+Beetle.swift */ = {isa = PBXFileReference; lastKnownFileType = sourcecode.swift; path = "Unit+Beetle.swift"; sourceTree = "<group>"; };
		CADD1D98220DE328001FCDC6 /* Player.swift */ = {isa = PBXFileReference; lastKnownFileType = sourcecode.swift; path = Player.swift; sourceTree = "<group>"; };
		CADD1D9A220DE6CD001FCDC6 /* Unit+Queen.swift */ = {isa = PBXFileReference; lastKnownFileType = sourcecode.swift; path = "Unit+Queen.swift"; sourceTree = "<group>"; };
		CADD1D9C220E75D1001FCDC6 /* Unit+Spider.swift */ = {isa = PBXFileReference; lastKnownFileType = sourcecode.swift; path = "Unit+Spider.swift"; sourceTree = "<group>"; };
		CADD1D9E220E75DD001FCDC6 /* Unit+PillBug.swift */ = {isa = PBXFileReference; lastKnownFileType = sourcecode.swift; path = "Unit+PillBug.swift"; sourceTree = "<group>"; };
		CADD1DA0220E75E6001FCDC6 /* Unit+LadyBug.swift */ = {isa = PBXFileReference; lastKnownFileType = sourcecode.swift; path = "Unit+LadyBug.swift"; sourceTree = "<group>"; };
		CADD1DA2220E75EE001FCDC6 /* Unit+Hopper.swift */ = {isa = PBXFileReference; lastKnownFileType = sourcecode.swift; path = "Unit+Hopper.swift"; sourceTree = "<group>"; };
		CADD1DA4220E75F6001FCDC6 /* Unit+Mosquito.swift */ = {isa = PBXFileReference; lastKnownFileType = sourcecode.swift; path = "Unit+Mosquito.swift"; sourceTree = "<group>"; };
/* End PBXFileReference section */

/* Begin PBXFrameworksBuildPhase section */
		CA3775D0220C691200A2E1C3 /* Frameworks */ = {
			isa = PBXFrameworksBuildPhase;
			buildActionMask = 2147483647;
			files = (
			);
			runOnlyForDeploymentPostprocessing = 0;
		};
/* End PBXFrameworksBuildPhase section */

/* Begin PBXGroup section */
		CA3775CA220C691200A2E1C3 = {
			isa = PBXGroup;
			children = (
				CA3775D5220C691200A2E1C3 /* HiveMind */,
				CA3775D4220C691200A2E1C3 /* Products */,
			);
			sourceTree = "<group>";
		};
		CA3775D4220C691200A2E1C3 /* Products */ = {
			isa = PBXGroup;
			children = (
				CA3775D3220C691200A2E1C3 /* HiveMind */,
			);
			name = Products;
			sourceTree = "<group>";
		};
		CA3775D5220C691200A2E1C3 /* HiveMind */ = {
			isa = PBXGroup;
			children = (
				CADD1D90220DAB6A001FCDC6 /* Extensions */,
				CA3775E2220D25F200A2E1C3 /* Game */,
				CA3775D6220C691200A2E1C3 /* main.swift */,
			);
			path = HiveMind;
			sourceTree = "<group>";
		};
		CA3775E2220D25F200A2E1C3 /* Game */ = {
			isa = PBXGroup;
			children = (
				CADD1D95220DC865001FCDC6 /* Bugs */,
				CA3775E3220D260200A2E1C3 /* GameState.swift */,
				CA3775E7220D267D00A2E1C3 /* Movement.swift */,
				CADD1D98220DE328001FCDC6 /* Player.swift */,
				CA3775E5220D266D00A2E1C3 /* Position.swift */,
				CA3775E0220D239900A2E1C3 /* Unit.swift */,
			);
			path = Game;
			sourceTree = "<group>";
		};
		CADD1D90220DAB6A001FCDC6 /* Extensions */ = {
			isa = PBXGroup;
			children = (
				CADD1D91220DABAD001FCDC6 /* Collection+Extensions.swift */,
			);
			path = Extensions;
			sourceTree = "<group>";
		};
		CADD1D95220DC865001FCDC6 /* Bugs */ = {
			isa = PBXGroup;
			children = (
				CADD1D93220DC860001FCDC6 /* Unit+Ant.swift */,
				CADD1D96220DC8B5001FCDC6 /* Unit+Beetle.swift */,
				CADD1DA2220E75EE001FCDC6 /* Unit+Hopper.swift */,
				CADD1DA0220E75E6001FCDC6 /* Unit+LadyBug.swift */,
				CADD1DA4220E75F6001FCDC6 /* Unit+Mosquito.swift */,
				CADD1D9E220E75DD001FCDC6 /* Unit+PillBug.swift */,
				CADD1D9A220DE6CD001FCDC6 /* Unit+Queen.swift */,
				CADD1D9C220E75D1001FCDC6 /* Unit+Spider.swift */,
			);
			path = Bugs;
			sourceTree = "<group>";
		};
/* End PBXGroup section */

/* Begin PBXNativeTarget section */
		CA3775D2220C691200A2E1C3 /* HiveMind */ = {
			isa = PBXNativeTarget;
			buildConfigurationList = CA3775DA220C691200A2E1C3 /* Build configuration list for PBXNativeTarget "HiveMind" */;
			buildPhases = (
				CA3775CF220C691200A2E1C3 /* Sources */,
				CA3775D0220C691200A2E1C3 /* Frameworks */,
				CA3775D1220C691200A2E1C3 /* CopyFiles */,
				CADD1DA6221053C5001FCDC6 /* ShellScript */,
			);
			buildRules = (
			);
			dependencies = (
			);
			name = HiveMind;
			productName = HiveMind;
			productReference = CA3775D3220C691200A2E1C3 /* HiveMind */;
			productType = "com.apple.product-type.tool";
		};
/* End PBXNativeTarget section */

/* Begin PBXProject section */
		CA3775CB220C691200A2E1C3 /* Project object */ = {
			isa = PBXProject;
			attributes = {
				LastSwiftUpdateCheck = 1010;
				LastUpgradeCheck = 1010;
				ORGANIZATIONNAME = "Joseph Roque";
				TargetAttributes = {
					CA3775D2220C691200A2E1C3 = {
						CreatedOnToolsVersion = 10.1;
					};
				};
			};
			buildConfigurationList = CA3775CE220C691200A2E1C3 /* Build configuration list for PBXProject "HiveMind" */;
			compatibilityVersion = "Xcode 9.3";
			developmentRegion = en;
			hasScannedForEncodings = 0;
			knownRegions = (
				en,
			);
			mainGroup = CA3775CA220C691200A2E1C3;
			productRefGroup = CA3775D4220C691200A2E1C3 /* Products */;
			projectDirPath = "";
			projectRoot = "";
			targets = (
				CA3775D2220C691200A2E1C3 /* HiveMind */,
			);
		};
/* End PBXProject section */

/* Begin PBXShellScriptBuildPhase section */
		CADD1DA6221053C5001FCDC6 /* ShellScript */ = {
			isa = PBXShellScriptBuildPhase;
			buildActionMask = 2147483647;
			files = (
			);
			inputFileListPaths = (
			);
			inputPaths = (
			);
			outputFileListPaths = (
			);
			outputPaths = (
			);
			runOnlyForDeploymentPostprocessing = 0;
			shellPath = /bin/sh;
			shellScript = "if which swiftlint >/dev/null; then\n    swiftlint\nelse\n    echo \"warning: SwiftLint not installed, download from https://github.com/realm/SwiftLint\"\nfi\n";
		};
/* End PBXShellScriptBuildPhase section */

/* Begin PBXSourcesBuildPhase section */
		CA3775CF220C691200A2E1C3 /* Sources */ = {
			isa = PBXSourcesBuildPhase;
			buildActionMask = 2147483647;
			files = (
				CA3775E4220D260200A2E1C3 /* GameState.swift in Sources */,
				CADD1D94220DC860001FCDC6 /* Unit+Ant.swift in Sources */,
				CADD1D97220DC8B5001FCDC6 /* Unit+Beetle.swift in Sources */,
				CA3775D7220C691200A2E1C3 /* main.swift in Sources */,
				CA3775E6220D266D00A2E1C3 /* Position.swift in Sources */,
				CA3775E8220D267D00A2E1C3 /* Movement.swift in Sources */,
				CADD1D9D220E75D1001FCDC6 /* Unit+Spider.swift in Sources */,
				CADD1DA3220E75EE001FCDC6 /* Unit+Hopper.swift in Sources */,
				CADD1D9B220DE6CD001FCDC6 /* Unit+Queen.swift in Sources */,
				CADD1DA1220E75E6001FCDC6 /* Unit+LadyBug.swift in Sources */,
				CA3775E1220D239900A2E1C3 /* Unit.swift in Sources */,
				CADD1D99220DE328001FCDC6 /* Player.swift in Sources */,
				CADD1D92220DABAD001FCDC6 /* Collection+Extensions.swift in Sources */,
				CADD1D9F220E75DD001FCDC6 /* Unit+PillBug.swift in Sources */,
				CADD1DA5220E75F6001FCDC6 /* Unit+Mosquito.swift in Sources */,
			);
			runOnlyForDeploymentPostprocessing = 0;
		};
/* End PBXSourcesBuildPhase section */

/* Begin XCBuildConfiguration section */
		CA3775D8220C691200A2E1C3 /* Debug */ = {
			isa = XCBuildConfiguration;
			buildSettings = {
				ALWAYS_SEARCH_USER_PATHS = NO;
				CLANG_ANALYZER_NONNULL = YES;
				CLANG_ANALYZER_NUMBER_OBJECT_CONVERSION = YES_AGGRESSIVE;
				CLANG_CXX_LANGUAGE_STANDARD = "gnu++14";
				CLANG_CXX_LIBRARY = "libc++";
				CLANG_ENABLE_MODULES = YES;
				CLANG_ENABLE_OBJC_ARC = YES;
				CLANG_ENABLE_OBJC_WEAK = YES;
				CLANG_WARN_BLOCK_CAPTURE_AUTORELEASING = YES;
				CLANG_WARN_BOOL_CONVERSION = YES;
				CLANG_WARN_COMMA = YES;
				CLANG_WARN_CONSTANT_CONVERSION = YES;
				CLANG_WARN_DEPRECATED_OBJC_IMPLEMENTATIONS = YES;
				CLANG_WARN_DIRECT_OBJC_ISA_USAGE = YES_ERROR;
				CLANG_WARN_DOCUMENTATION_COMMENTS = YES;
				CLANG_WARN_EMPTY_BODY = YES;
				CLANG_WARN_ENUM_CONVERSION = YES;
				CLANG_WARN_INFINITE_RECURSION = YES;
				CLANG_WARN_INT_CONVERSION = YES;
				CLANG_WARN_NON_LITERAL_NULL_CONVERSION = YES;
				CLANG_WARN_OBJC_IMPLICIT_RETAIN_SELF = YES;
				CLANG_WARN_OBJC_LITERAL_CONVERSION = YES;
				CLANG_WARN_OBJC_ROOT_CLASS = YES_ERROR;
				CLANG_WARN_RANGE_LOOP_ANALYSIS = YES;
				CLANG_WARN_STRICT_PROTOTYPES = YES;
				CLANG_WARN_SUSPICIOUS_MOVE = YES;
				CLANG_WARN_UNGUARDED_AVAILABILITY = YES_AGGRESSIVE;
				CLANG_WARN_UNREACHABLE_CODE = YES;
				CLANG_WARN__DUPLICATE_METHOD_MATCH = YES;
				CODE_SIGN_IDENTITY = "Mac Developer";
				COPY_PHASE_STRIP = NO;
				DEBUG_INFORMATION_FORMAT = dwarf;
				ENABLE_STRICT_OBJC_MSGSEND = YES;
				ENABLE_TESTABILITY = YES;
				GCC_C_LANGUAGE_STANDARD = gnu11;
				GCC_DYNAMIC_NO_PIC = NO;
				GCC_NO_COMMON_BLOCKS = YES;
				GCC_OPTIMIZATION_LEVEL = 0;
				GCC_PREPROCESSOR_DEFINITIONS = (
					"DEBUG=1",
					"$(inherited)",
				);
				GCC_WARN_64_TO_32_BIT_CONVERSION = YES;
				GCC_WARN_ABOUT_RETURN_TYPE = YES_ERROR;
				GCC_WARN_UNDECLARED_SELECTOR = YES;
				GCC_WARN_UNINITIALIZED_AUTOS = YES_AGGRESSIVE;
				GCC_WARN_UNUSED_FUNCTION = YES;
				GCC_WARN_UNUSED_VARIABLE = YES;
				MACOSX_DEPLOYMENT_TARGET = 10.14;
				MTL_ENABLE_DEBUG_INFO = INCLUDE_SOURCE;
				MTL_FAST_MATH = YES;
				ONLY_ACTIVE_ARCH = YES;
				SDKROOT = macosx;
				SWIFT_ACTIVE_COMPILATION_CONDITIONS = DEBUG;
				SWIFT_OPTIMIZATION_LEVEL = "-Onone";
			};
			name = Debug;
		};
		CA3775D9220C691200A2E1C3 /* Release */ = {
			isa = XCBuildConfiguration;
			buildSettings = {
				ALWAYS_SEARCH_USER_PATHS = NO;
				CLANG_ANALYZER_NONNULL = YES;
				CLANG_ANALYZER_NUMBER_OBJECT_CONVERSION = YES_AGGRESSIVE;
				CLANG_CXX_LANGUAGE_STANDARD = "gnu++14";
				CLANG_CXX_LIBRARY = "libc++";
				CLANG_ENABLE_MODULES = YES;
				CLANG_ENABLE_OBJC_ARC = YES;
				CLANG_ENABLE_OBJC_WEAK = YES;
				CLANG_WARN_BLOCK_CAPTURE_AUTORELEASING = YES;
				CLANG_WARN_BOOL_CONVERSION = YES;
				CLANG_WARN_COMMA = YES;
				CLANG_WARN_CONSTANT_CONVERSION = YES;
				CLANG_WARN_DEPRECATED_OBJC_IMPLEMENTATIONS = YES;
				CLANG_WARN_DIRECT_OBJC_ISA_USAGE = YES_ERROR;
				CLANG_WARN_DOCUMENTATION_COMMENTS = YES;
				CLANG_WARN_EMPTY_BODY = YES;
				CLANG_WARN_ENUM_CONVERSION = YES;
				CLANG_WARN_INFINITE_RECURSION = YES;
				CLANG_WARN_INT_CONVERSION = YES;
				CLANG_WARN_NON_LITERAL_NULL_CONVERSION = YES;
				CLANG_WARN_OBJC_IMPLICIT_RETAIN_SELF = YES;
				CLANG_WARN_OBJC_LITERAL_CONVERSION = YES;
				CLANG_WARN_OBJC_ROOT_CLASS = YES_ERROR;
				CLANG_WARN_RANGE_LOOP_ANALYSIS = YES;
				CLANG_WARN_STRICT_PROTOTYPES = YES;
				CLANG_WARN_SUSPICIOUS_MOVE = YES;
				CLANG_WARN_UNGUARDED_AVAILABILITY = YES_AGGRESSIVE;
				CLANG_WARN_UNREACHABLE_CODE = YES;
				CLANG_WARN__DUPLICATE_METHOD_MATCH = YES;
				CODE_SIGN_IDENTITY = "Mac Developer";
				COPY_PHASE_STRIP = NO;
				DEBUG_INFORMATION_FORMAT = "dwarf-with-dsym";
				ENABLE_NS_ASSERTIONS = NO;
				ENABLE_STRICT_OBJC_MSGSEND = YES;
				GCC_C_LANGUAGE_STANDARD = gnu11;
				GCC_NO_COMMON_BLOCKS = YES;
				GCC_WARN_64_TO_32_BIT_CONVERSION = YES;
				GCC_WARN_ABOUT_RETURN_TYPE = YES_ERROR;
				GCC_WARN_UNDECLARED_SELECTOR = YES;
				GCC_WARN_UNINITIALIZED_AUTOS = YES_AGGRESSIVE;
				GCC_WARN_UNUSED_FUNCTION = YES;
				GCC_WARN_UNUSED_VARIABLE = YES;
				MACOSX_DEPLOYMENT_TARGET = 10.14;
				MTL_ENABLE_DEBUG_INFO = NO;
				MTL_FAST_MATH = YES;
				SDKROOT = macosx;
				SWIFT_COMPILATION_MODE = wholemodule;
				SWIFT_OPTIMIZATION_LEVEL = "-O";
			};
			name = Release;
		};
		CA3775DB220C691200A2E1C3 /* Debug */ = {
			isa = XCBuildConfiguration;
			buildSettings = {
				CODE_SIGN_STYLE = Automatic;
				DEVELOPMENT_TEAM = 3UBRXR267C;
				PRODUCT_NAME = "$(TARGET_NAME)";
				SWIFT_VERSION = 4.2;
			};
			name = Debug;
		};
		CA3775DC220C691200A2E1C3 /* Release */ = {
			isa = XCBuildConfiguration;
			buildSettings = {
				CODE_SIGN_STYLE = Automatic;
				DEVELOPMENT_TEAM = 3UBRXR267C;
				PRODUCT_NAME = "$(TARGET_NAME)";
				SWIFT_VERSION = 4.2;
			};
			name = Release;
		};
/* End XCBuildConfiguration section */

/* Begin XCConfigurationList section */
		CA3775CE220C691200A2E1C3 /* Build configuration list for PBXProject "HiveMind" */ = {
			isa = XCConfigurationList;
			buildConfigurations = (
				CA3775D8220C691200A2E1C3 /* Debug */,
				CA3775D9220C691200A2E1C3 /* Release */,
			);
			defaultConfigurationIsVisible = 0;
			defaultConfigurationName = Release;
		};
		CA3775DA220C691200A2E1C3 /* Build configuration list for PBXNativeTarget "HiveMind" */ = {
			isa = XCConfigurationList;
			buildConfigurations = (
				CA3775DB220C691200A2E1C3 /* Debug */,
				CA3775DC220C691200A2E1C3 /* Release */,
			);
			defaultConfigurationIsVisible = 0;
			defaultConfigurationName = Release;
		};
/* End XCConfigurationList section */
	};
	rootObject = CA3775CB220C691200A2E1C3 /* Project object */;
}
