// !$*UTF8*$!
{
   archiveVersion = "1";
   objectVersion = "46";
   objects = {
      "HiveEngine::HiveEngine" = {
         isa = "PBXNativeTarget";
         buildConfigurationList = "OBJ_47";
         buildPhases = (
            "OBJ_50",
            "OBJ_65"
         );
         dependencies = (
         );
         name = "HiveEngine";
         productName = "HiveEngine";
         productReference = "HiveEngine::HiveEngine::Product";
         productType = "com.apple.product-type.framework";
      };
      "HiveEngine::HiveEngine::Product" = {
         isa = "PBXFileReference";
         path = "HiveEngine.framework";
         sourceTree = "BUILT_PRODUCTS_DIR";
      };
      "HiveEngine::SwiftPMPackageDescription" = {
         isa = "PBXNativeTarget";
         buildConfigurationList = "OBJ_67";
         buildPhases = (
            "OBJ_70"
         );
         dependencies = (
         );
         name = "HiveEnginePackageDescription";
         productName = "HiveEnginePackageDescription";
         productType = "com.apple.product-type.framework";
      };
      "HiveMind::HiveMind" = {
         isa = "PBXNativeTarget";
         buildConfigurationList = "OBJ_73";
         buildPhases = (
            "OBJ_76",
            "OBJ_78"
         );
         dependencies = (
            "OBJ_81",
            "OBJ_83"
         );
         name = "HiveMind";
         productName = "HiveMind";
         productReference = "HiveMind::HiveMind::Product";
         productType = "com.apple.product-type.tool";
      };
      "HiveMind::HiveMind::Product" = {
         isa = "PBXFileReference";
         path = "HiveMind";
         sourceTree = "BUILT_PRODUCTS_DIR";
      };
      "HiveMind::HiveMindCore" = {
         isa = "PBXNativeTarget";
         buildConfigurationList = "OBJ_84";
         buildPhases = (
            "OBJ_87",
            "OBJ_92"
         );
         dependencies = (
            "OBJ_94"
         );
         name = "HiveMindCore";
         productName = "HiveMindCore";
         productReference = "HiveMind::HiveMindCore::Product";
         productType = "com.apple.product-type.framework";
      };
      "HiveMind::HiveMindCore::Product" = {
         isa = "PBXFileReference";
         path = "HiveMindCore.framework";
         sourceTree = "BUILT_PRODUCTS_DIR";
      };
      "HiveMind::HiveMindCoreTests" = {
         isa = "PBXNativeTarget";
         buildConfigurationList = "OBJ_96";
         buildPhases = (
            "OBJ_99",
            "OBJ_102"
         );
         dependencies = (
            "OBJ_105",
            "OBJ_106"
         );
         name = "HiveMindCoreTests";
         productName = "HiveMindCoreTests";
         productReference = "HiveMind::HiveMindCoreTests::Product";
         productType = "com.apple.product-type.bundle.unit-test";
      };
      "HiveMind::HiveMindCoreTests::Product" = {
         isa = "PBXFileReference";
         path = "HiveMindCoreTests.xctest";
         sourceTree = "BUILT_PRODUCTS_DIR";
      };
      "HiveMind::HiveMindPackageTests::ProductTarget" = {
         isa = "PBXAggregateTarget";
         buildConfigurationList = "OBJ_114";
         buildPhases = (
         );
         dependencies = (
            "OBJ_117"
         );
         name = "HiveMindPackageTests";
         productName = "HiveMindPackageTests";
      };
      "HiveMind::SwiftPMPackageDescription" = {
         isa = "PBXNativeTarget";
         buildConfigurationList = "OBJ_108";
         buildPhases = (
            "OBJ_111"
         );
         dependencies = (
         );
         name = "HiveMindPackageDescription";
         productName = "HiveMindPackageDescription";
         productType = "com.apple.product-type.framework";
      };
      "OBJ_1" = {
         isa = "PBXProject";
         attributes = {
            LastUpgradeCheck = "9999";
         };
         buildConfigurationList = "OBJ_2";
         compatibilityVersion = "Xcode 3.2";
         developmentRegion = "English";
         hasScannedForEncodings = "0";
         knownRegions = (
            "en"
         );
         mainGroup = "OBJ_5";
         productRefGroup = "OBJ_41";
         projectDirPath = ".";
         targets = (
            "HiveEngine::HiveEngine",
            "HiveEngine::SwiftPMPackageDescription",
            "HiveMind::HiveMind",
            "HiveMind::HiveMindCore",
            "HiveMind::HiveMindCoreTests",
            "HiveMind::SwiftPMPackageDescription",
            "HiveMind::HiveMindPackageTests::ProductTarget"
         );
      };
      "OBJ_10" = {
         isa = "PBXGroup";
         children = (
            "OBJ_11",
            "OBJ_12"
         );
         name = "Extensions";
         path = "Extensions";
         sourceTree = "<group>";
      };
      "OBJ_100" = {
         isa = "PBXBuildFile";
         fileRef = "OBJ_18";
      };
      "OBJ_101" = {
         isa = "PBXBuildFile";
         fileRef = "OBJ_19";
      };
      "OBJ_102" = {
         isa = "PBXFrameworksBuildPhase";
         files = (
            "OBJ_103",
            "OBJ_104"
         );
      };
      "OBJ_103" = {
         isa = "PBXBuildFile";
         fileRef = "HiveMind::HiveMindCore::Product";
      };
      "OBJ_104" = {
         isa = "PBXBuildFile";
         fileRef = "HiveEngine::HiveEngine::Product";
      };
      "OBJ_105" = {
         isa = "PBXTargetDependency";
         target = "HiveMind::HiveMindCore";
      };
      "OBJ_106" = {
         isa = "PBXTargetDependency";
         target = "HiveEngine::HiveEngine";
      };
      "OBJ_108" = {
         isa = "XCConfigurationList";
         buildConfigurations = (
            "OBJ_109",
            "OBJ_110"
         );
         defaultConfigurationIsVisible = "0";
         defaultConfigurationName = "Release";
      };
      "OBJ_109" = {
         isa = "XCBuildConfiguration";
         buildSettings = {
            LD = "/usr/bin/true";
            OTHER_SWIFT_FLAGS = (
               "-swift-version",
               "4.2",
               "-I",
               "$(TOOLCHAIN_DIR)/usr/lib/swift/pm/4_2",
               "-target",
               "x86_64-apple-macosx10.10",
               "-sdk",
               "/Applications/Xcode.app/Contents/Developer/Platforms/MacOSX.platform/Developer/SDKs/MacOSX10.14.sdk"
            );
            SWIFT_VERSION = "4.2";
         };
         name = "Debug";
      };
      "OBJ_11" = {
         isa = "PBXFileReference";
         path = "GameState+Extensions.swift";
         sourceTree = "<group>";
      };
      "OBJ_110" = {
         isa = "XCBuildConfiguration";
         buildSettings = {
            LD = "/usr/bin/true";
            OTHER_SWIFT_FLAGS = (
               "-swift-version",
               "4.2",
               "-I",
               "$(TOOLCHAIN_DIR)/usr/lib/swift/pm/4_2",
               "-target",
               "x86_64-apple-macosx10.10",
               "-sdk",
               "/Applications/Xcode.app/Contents/Developer/Platforms/MacOSX.platform/Developer/SDKs/MacOSX10.14.sdk"
            );
            SWIFT_VERSION = "4.2";
         };
         name = "Release";
      };
      "OBJ_111" = {
         isa = "PBXSourcesBuildPhase";
         files = (
            "OBJ_112"
         );
      };
      "OBJ_112" = {
         isa = "PBXBuildFile";
         fileRef = "OBJ_6";
      };
      "OBJ_114" = {
         isa = "XCConfigurationList";
         buildConfigurations = (
            "OBJ_115",
            "OBJ_116"
         );
         defaultConfigurationIsVisible = "0";
         defaultConfigurationName = "Release";
      };
      "OBJ_115" = {
         isa = "XCBuildConfiguration";
         buildSettings = {
         };
         name = "Debug";
      };
      "OBJ_116" = {
         isa = "XCBuildConfiguration";
         buildSettings = {
         };
         name = "Release";
      };
      "OBJ_117" = {
         isa = "PBXTargetDependency";
         target = "HiveMind::HiveMindCoreTests";
      };
      "OBJ_12" = {
         isa = "PBXFileReference";
         path = "Movement+Extensions.swift";
         sourceTree = "<group>";
      };
      "OBJ_13" = {
         isa = "PBXFileReference";
         path = "HiveMind.swift";
         sourceTree = "<group>";
      };
      "OBJ_14" = {
         isa = "PBXGroup";
         children = (
            "OBJ_15"
         );
         name = "HiveMind";
         path = "Sources/HiveMind";
         sourceTree = "SOURCE_ROOT";
      };
      "OBJ_15" = {
         isa = "PBXFileReference";
         path = "main.swift";
         sourceTree = "<group>";
      };
      "OBJ_16" = {
         isa = "PBXGroup";
         children = (
            "OBJ_17"
         );
         name = "Tests";
         path = "";
         sourceTree = "SOURCE_ROOT";
      };
      "OBJ_17" = {
         isa = "PBXGroup";
         children = (
            "OBJ_18",
            "OBJ_19"
         );
         name = "HiveMindCoreTests";
         path = "Tests/HiveMindCoreTests";
         sourceTree = "SOURCE_ROOT";
      };
      "OBJ_18" = {
         isa = "PBXFileReference";
         path = "HiveMindTests.swift";
         sourceTree = "<group>";
      };
      "OBJ_19" = {
         isa = "PBXFileReference";
         path = "XCTestManifests.swift";
         sourceTree = "<group>";
      };
      "OBJ_2" = {
         isa = "XCConfigurationList";
         buildConfigurations = (
            "OBJ_3",
            "OBJ_4"
         );
         defaultConfigurationIsVisible = "0";
         defaultConfigurationName = "Release";
      };
      "OBJ_20" = {
         isa = "PBXGroup";
         children = (
            "OBJ_21"
         );
         name = "Dependencies";
         path = "";
         sourceTree = "<group>";
      };
      "OBJ_21" = {
         isa = "PBXGroup";
         children = (
            "OBJ_22",
            "OBJ_40"
         );
         name = "HiveEngine";
         path = "";
         sourceTree = "SOURCE_ROOT";
      };
      "OBJ_22" = {
         isa = "PBXGroup";
         children = (
            "OBJ_23",
            "OBJ_25",
            "OBJ_30"
         );
         name = "HiveEngine";
         path = ".build/checkouts/hive-engine.git--8957386801179617483/Sources/HiveEngine";
         sourceTree = "SOURCE_ROOT";
      };
      "OBJ_23" = {
         isa = "PBXGroup";
         children = (
            "OBJ_24"
         );
         name = "Extensions";
         path = "Extensions";
         sourceTree = "<group>";
      };
      "OBJ_24" = {
         isa = "PBXFileReference";
         path = "Collection+Extensions.swift";
         sourceTree = "<group>";
      };
      "OBJ_25" = {
         isa = "PBXGroup";
         children = (
            "OBJ_26",
            "OBJ_27",
            "OBJ_28",
            "OBJ_29"
         );
         name = "State";
         path = "State";
         sourceTree = "<group>";
      };
      "OBJ_26" = {
         isa = "PBXFileReference";
         path = "GameState.swift";
         sourceTree = "<group>";
      };
      "OBJ_27" = {
         isa = "PBXFileReference";
         path = "Movement.swift";
         sourceTree = "<group>";
      };
      "OBJ_28" = {
         isa = "PBXFileReference";
         path = "Player.swift";
         sourceTree = "<group>";
      };
      "OBJ_29" = {
         isa = "PBXFileReference";
         path = "Position.swift";
         sourceTree = "<group>";
      };
      "OBJ_3" = {
         isa = "XCBuildConfiguration";
         buildSettings = {
            CLANG_ENABLE_OBJC_ARC = "YES";
            COMBINE_HIDPI_IMAGES = "YES";
            COPY_PHASE_STRIP = "NO";
            DEBUG_INFORMATION_FORMAT = "dwarf";
            DYLIB_INSTALL_NAME_BASE = "@rpath";
            ENABLE_NS_ASSERTIONS = "YES";
            GCC_OPTIMIZATION_LEVEL = "0";
            GCC_PREPROCESSOR_DEFINITIONS = (
               "DEBUG=1",
               "$(inherited)"
            );
            MACOSX_DEPLOYMENT_TARGET = "10.10";
            ONLY_ACTIVE_ARCH = "YES";
            OTHER_SWIFT_FLAGS = (
               "-DXcode"
            );
            PRODUCT_NAME = "$(TARGET_NAME)";
            SDKROOT = "macosx";
            SUPPORTED_PLATFORMS = (
               "macosx",
               "iphoneos",
               "iphonesimulator",
               "appletvos",
               "appletvsimulator",
               "watchos",
               "watchsimulator"
            );
            SWIFT_ACTIVE_COMPILATION_CONDITIONS = (
               "SWIFT_PACKAGE",
               "DEBUG"
            );
            SWIFT_OPTIMIZATION_LEVEL = "-Onone";
            USE_HEADERMAP = "NO";
         };
         name = "Debug";
      };
      "OBJ_30" = {
         isa = "PBXGroup";
         children = (
            "OBJ_31",
            "OBJ_32",
            "OBJ_33",
            "OBJ_34",
            "OBJ_35",
            "OBJ_36",
            "OBJ_37",
            "OBJ_38",
            "OBJ_39"
         );
         name = "Unit";
         path = "Unit";
         sourceTree = "<group>";
      };
      "OBJ_31" = {
         isa = "PBXFileReference";
         path = "Unit+Ant.swift";
         sourceTree = "<group>";
      };
      "OBJ_32" = {
         isa = "PBXFileReference";
         path = "Unit+Beetle.swift";
         sourceTree = "<group>";
      };
      "OBJ_33" = {
         isa = "PBXFileReference";
         path = "Unit+Hopper.swift";
         sourceTree = "<group>";
      };
      "OBJ_34" = {
         isa = "PBXFileReference";
         path = "Unit+LadyBug.swift";
         sourceTree = "<group>";
      };
      "OBJ_35" = {
         isa = "PBXFileReference";
         path = "Unit+Mosquito.swift";
         sourceTree = "<group>";
      };
      "OBJ_36" = {
         isa = "PBXFileReference";
         path = "Unit+PillBug.swift";
         sourceTree = "<group>";
      };
      "OBJ_37" = {
         isa = "PBXFileReference";
         path = "Unit+Queen.swift";
         sourceTree = "<group>";
      };
      "OBJ_38" = {
         isa = "PBXFileReference";
         path = "Unit+Spider.swift";
         sourceTree = "<group>";
      };
      "OBJ_39" = {
         isa = "PBXFileReference";
         path = "Unit.swift";
         sourceTree = "<group>";
      };
      "OBJ_4" = {
         isa = "XCBuildConfiguration";
         buildSettings = {
            CLANG_ENABLE_OBJC_ARC = "YES";
            COMBINE_HIDPI_IMAGES = "YES";
            COPY_PHASE_STRIP = "YES";
            DEBUG_INFORMATION_FORMAT = "dwarf-with-dsym";
            DYLIB_INSTALL_NAME_BASE = "@rpath";
            GCC_OPTIMIZATION_LEVEL = "s";
            MACOSX_DEPLOYMENT_TARGET = "10.10";
            OTHER_SWIFT_FLAGS = (
               "-DXcode"
            );
            PRODUCT_NAME = "$(TARGET_NAME)";
            SDKROOT = "macosx";
            SUPPORTED_PLATFORMS = (
               "macosx",
               "iphoneos",
               "iphonesimulator",
               "appletvos",
               "appletvsimulator",
               "watchos",
               "watchsimulator"
            );
            SWIFT_ACTIVE_COMPILATION_CONDITIONS = (
               "SWIFT_PACKAGE"
            );
            SWIFT_OPTIMIZATION_LEVEL = "-Owholemodule";
            USE_HEADERMAP = "NO";
         };
         name = "Release";
      };
      "OBJ_40" = {
         isa = "PBXFileReference";
         explicitFileType = "sourcecode.swift";
         name = "Package.swift";
         path = "/Users/josephroque/Documents/Workspace/hivemind/hivemind/.build/checkouts/hive-engine.git--8957386801179617483/Package.swift";
         sourceTree = "<group>";
      };
      "OBJ_41" = {
         isa = "PBXGroup";
         children = (
            "HiveEngine::HiveEngine::Product",
            "HiveMind::HiveMindCore::Product",
            "HiveMind::HiveMind::Product",
            "HiveMind::HiveMindCoreTests::Product"
         );
         name = "Products";
         path = "";
         sourceTree = "BUILT_PRODUCTS_DIR";
      };
      "OBJ_47" = {
         isa = "XCConfigurationList";
         buildConfigurations = (
            "OBJ_48",
            "OBJ_49"
         );
         defaultConfigurationIsVisible = "0";
         defaultConfigurationName = "Release";
      };
      "OBJ_48" = {
         isa = "XCBuildConfiguration";
         buildSettings = {
            ENABLE_TESTABILITY = "YES";
            FRAMEWORK_SEARCH_PATHS = (
               "$(inherited)",
               "$(PLATFORM_DIR)/Developer/Library/Frameworks"
            );
            HEADER_SEARCH_PATHS = (
               "$(inherited)"
            );
            INFOPLIST_FILE = "HiveMind.xcodeproj/HiveEngine_Info.plist";
            LD_RUNPATH_SEARCH_PATHS = (
               "$(inherited)",
               "$(TOOLCHAIN_DIR)/usr/lib/swift/macosx"
            );
            OTHER_CFLAGS = (
               "$(inherited)"
            );
            OTHER_LDFLAGS = (
               "$(inherited)"
            );
            OTHER_SWIFT_FLAGS = (
               "$(inherited)"
            );
            PRODUCT_BUNDLE_IDENTIFIER = "HiveEngine";
            PRODUCT_MODULE_NAME = "$(TARGET_NAME:c99extidentifier)";
            PRODUCT_NAME = "$(TARGET_NAME:c99extidentifier)";
            SKIP_INSTALL = "YES";
            SWIFT_ACTIVE_COMPILATION_CONDITIONS = (
               "$(inherited)"
            );
            SWIFT_VERSION = "4.2";
            TARGET_NAME = "HiveEngine";
         };
         name = "Debug";
      };
      "OBJ_49" = {
         isa = "XCBuildConfiguration";
         buildSettings = {
            ENABLE_TESTABILITY = "YES";
            FRAMEWORK_SEARCH_PATHS = (
               "$(inherited)",
               "$(PLATFORM_DIR)/Developer/Library/Frameworks"
            );
            HEADER_SEARCH_PATHS = (
               "$(inherited)"
            );
            INFOPLIST_FILE = "HiveMind.xcodeproj/HiveEngine_Info.plist";
            LD_RUNPATH_SEARCH_PATHS = (
               "$(inherited)",
               "$(TOOLCHAIN_DIR)/usr/lib/swift/macosx"
            );
            OTHER_CFLAGS = (
               "$(inherited)"
            );
            OTHER_LDFLAGS = (
               "$(inherited)"
            );
            OTHER_SWIFT_FLAGS = (
               "$(inherited)"
            );
            PRODUCT_BUNDLE_IDENTIFIER = "HiveEngine";
            PRODUCT_MODULE_NAME = "$(TARGET_NAME:c99extidentifier)";
            PRODUCT_NAME = "$(TARGET_NAME:c99extidentifier)";
            SKIP_INSTALL = "YES";
            SWIFT_ACTIVE_COMPILATION_CONDITIONS = (
               "$(inherited)"
            );
            SWIFT_VERSION = "4.2";
            TARGET_NAME = "HiveEngine";
         };
         name = "Release";
      };
      "OBJ_5" = {
         isa = "PBXGroup";
         children = (
            "OBJ_6",
            "OBJ_7",
            "OBJ_16",
            "OBJ_20",
            "OBJ_41"
         );
         path = "";
         sourceTree = "<group>";
      };
      "OBJ_50" = {
         isa = "PBXSourcesBuildPhase";
         files = (
            "OBJ_51",
            "OBJ_52",
            "OBJ_53",
            "OBJ_54",
            "OBJ_55",
            "OBJ_56",
            "OBJ_57",
            "OBJ_58",
            "OBJ_59",
            "OBJ_60",
            "OBJ_61",
            "OBJ_62",
            "OBJ_63",
            "OBJ_64"
         );
      };
      "OBJ_51" = {
         isa = "PBXBuildFile";
         fileRef = "OBJ_24";
      };
      "OBJ_52" = {
         isa = "PBXBuildFile";
         fileRef = "OBJ_26";
      };
      "OBJ_53" = {
         isa = "PBXBuildFile";
         fileRef = "OBJ_27";
      };
      "OBJ_54" = {
         isa = "PBXBuildFile";
         fileRef = "OBJ_28";
      };
      "OBJ_55" = {
         isa = "PBXBuildFile";
         fileRef = "OBJ_29";
      };
      "OBJ_56" = {
         isa = "PBXBuildFile";
         fileRef = "OBJ_31";
      };
      "OBJ_57" = {
         isa = "PBXBuildFile";
         fileRef = "OBJ_32";
      };
      "OBJ_58" = {
         isa = "PBXBuildFile";
         fileRef = "OBJ_33";
      };
      "OBJ_59" = {
         isa = "PBXBuildFile";
         fileRef = "OBJ_34";
      };
      "OBJ_6" = {
         isa = "PBXFileReference";
         explicitFileType = "sourcecode.swift";
         path = "Package.swift";
         sourceTree = "<group>";
      };
      "OBJ_60" = {
         isa = "PBXBuildFile";
         fileRef = "OBJ_35";
      };
      "OBJ_61" = {
         isa = "PBXBuildFile";
         fileRef = "OBJ_36";
      };
      "OBJ_62" = {
         isa = "PBXBuildFile";
         fileRef = "OBJ_37";
      };
      "OBJ_63" = {
         isa = "PBXBuildFile";
         fileRef = "OBJ_38";
      };
      "OBJ_64" = {
         isa = "PBXBuildFile";
         fileRef = "OBJ_39";
      };
      "OBJ_65" = {
         isa = "PBXFrameworksBuildPhase";
         files = (
         );
      };
      "OBJ_67" = {
         isa = "XCConfigurationList";
         buildConfigurations = (
            "OBJ_68",
            "OBJ_69"
         );
         defaultConfigurationIsVisible = "0";
         defaultConfigurationName = "Release";
      };
      "OBJ_68" = {
         isa = "XCBuildConfiguration";
         buildSettings = {
            LD = "/usr/bin/true";
            OTHER_SWIFT_FLAGS = (
               "-swift-version",
               "4.2",
               "-I",
               "$(TOOLCHAIN_DIR)/usr/lib/swift/pm/4_2",
               "-target",
               "x86_64-apple-macosx10.10",
               "-sdk",
               "/Applications/Xcode.app/Contents/Developer/Platforms/MacOSX.platform/Developer/SDKs/MacOSX10.14.sdk"
            );
            SWIFT_VERSION = "4.2";
         };
         name = "Debug";
      };
      "OBJ_69" = {
         isa = "XCBuildConfiguration";
         buildSettings = {
            LD = "/usr/bin/true";
            OTHER_SWIFT_FLAGS = (
               "-swift-version",
               "4.2",
               "-I",
               "$(TOOLCHAIN_DIR)/usr/lib/swift/pm/4_2",
               "-target",
               "x86_64-apple-macosx10.10",
               "-sdk",
               "/Applications/Xcode.app/Contents/Developer/Platforms/MacOSX.platform/Developer/SDKs/MacOSX10.14.sdk"
            );
            SWIFT_VERSION = "4.2";
         };
         name = "Release";
      };
      "OBJ_7" = {
         isa = "PBXGroup";
         children = (
            "OBJ_8",
            "OBJ_14"
         );
         name = "Sources";
         path = "";
         sourceTree = "SOURCE_ROOT";
      };
      "OBJ_70" = {
         isa = "PBXSourcesBuildPhase";
         files = (
            "OBJ_71"
         );
      };
      "OBJ_71" = {
         isa = "PBXBuildFile";
         fileRef = "OBJ_40";
      };
      "OBJ_73" = {
         isa = "XCConfigurationList";
         buildConfigurations = (
            "OBJ_74",
            "OBJ_75"
         );
         defaultConfigurationIsVisible = "0";
         defaultConfigurationName = "Release";
      };
      "OBJ_74" = {
         isa = "XCBuildConfiguration";
         buildSettings = {
            FRAMEWORK_SEARCH_PATHS = (
               "$(inherited)",
               "$(PLATFORM_DIR)/Developer/Library/Frameworks"
            );
            HEADER_SEARCH_PATHS = (
               "$(inherited)"
            );
            INFOPLIST_FILE = "HiveMind.xcodeproj/HiveMind_Info.plist";
            LD_RUNPATH_SEARCH_PATHS = (
               "$(inherited)",
               "$(TOOLCHAIN_DIR)/usr/lib/swift/macosx",
               "@executable_path"
            );
            OTHER_CFLAGS = (
               "$(inherited)"
            );
            OTHER_LDFLAGS = (
               "$(inherited)"
            );
            OTHER_SWIFT_FLAGS = (
               "$(inherited)"
            );
            SWIFT_ACTIVE_COMPILATION_CONDITIONS = (
               "$(inherited)"
            );
            SWIFT_FORCE_DYNAMIC_LINK_STDLIB = "YES";
            SWIFT_FORCE_STATIC_LINK_STDLIB = "NO";
            SWIFT_VERSION = "4.2";
            TARGET_NAME = "HiveMind";
         };
         name = "Debug";
      };
      "OBJ_75" = {
         isa = "XCBuildConfiguration";
         buildSettings = {
            FRAMEWORK_SEARCH_PATHS = (
               "$(inherited)",
               "$(PLATFORM_DIR)/Developer/Library/Frameworks"
            );
            HEADER_SEARCH_PATHS = (
               "$(inherited)"
            );
            INFOPLIST_FILE = "HiveMind.xcodeproj/HiveMind_Info.plist";
            LD_RUNPATH_SEARCH_PATHS = (
               "$(inherited)",
               "$(TOOLCHAIN_DIR)/usr/lib/swift/macosx",
               "@executable_path"
            );
            OTHER_CFLAGS = (
               "$(inherited)"
            );
            OTHER_LDFLAGS = (
               "$(inherited)"
            );
            OTHER_SWIFT_FLAGS = (
               "$(inherited)"
            );
            SWIFT_ACTIVE_COMPILATION_CONDITIONS = (
               "$(inherited)"
            );
            SWIFT_FORCE_DYNAMIC_LINK_STDLIB = "YES";
            SWIFT_FORCE_STATIC_LINK_STDLIB = "NO";
            SWIFT_VERSION = "4.2";
            TARGET_NAME = "HiveMind";
         };
         name = "Release";
      };
      "OBJ_76" = {
         isa = "PBXSourcesBuildPhase";
         files = (
            "OBJ_77"
         );
      };
      "OBJ_77" = {
         isa = "PBXBuildFile";
         fileRef = "OBJ_15";
      };
      "OBJ_78" = {
         isa = "PBXFrameworksBuildPhase";
         files = (
            "OBJ_79",
            "OBJ_80"
         );
      };
      "OBJ_79" = {
         isa = "PBXBuildFile";
         fileRef = "HiveMind::HiveMindCore::Product";
      };
      "OBJ_8" = {
         isa = "PBXGroup";
         children = (
            "OBJ_9",
            "OBJ_10",
            "OBJ_13"
         );
         name = "HiveMindCore";
         path = "Sources/HiveMindCore";
         sourceTree = "SOURCE_ROOT";
      };
      "OBJ_80" = {
         isa = "PBXBuildFile";
         fileRef = "HiveEngine::HiveEngine::Product";
      };
      "OBJ_81" = {
         isa = "PBXTargetDependency";
         target = "HiveMind::HiveMindCore";
      };
      "OBJ_83" = {
         isa = "PBXTargetDependency";
         target = "HiveEngine::HiveEngine";
      };
      "OBJ_84" = {
         isa = "XCConfigurationList";
         buildConfigurations = (
            "OBJ_85",
            "OBJ_86"
         );
         defaultConfigurationIsVisible = "0";
         defaultConfigurationName = "Release";
      };
      "OBJ_85" = {
         isa = "XCBuildConfiguration";
         buildSettings = {
            ENABLE_TESTABILITY = "YES";
            FRAMEWORK_SEARCH_PATHS = (
               "$(inherited)",
               "$(PLATFORM_DIR)/Developer/Library/Frameworks"
            );
            HEADER_SEARCH_PATHS = (
               "$(inherited)"
            );
            INFOPLIST_FILE = "HiveMind.xcodeproj/HiveMindCore_Info.plist";
            LD_RUNPATH_SEARCH_PATHS = (
               "$(inherited)",
               "$(TOOLCHAIN_DIR)/usr/lib/swift/macosx"
            );
            OTHER_CFLAGS = (
               "$(inherited)"
            );
            OTHER_LDFLAGS = (
               "$(inherited)"
            );
            OTHER_SWIFT_FLAGS = (
               "$(inherited)"
            );
            PRODUCT_BUNDLE_IDENTIFIER = "HiveMindCore";
            PRODUCT_MODULE_NAME = "$(TARGET_NAME:c99extidentifier)";
            PRODUCT_NAME = "$(TARGET_NAME:c99extidentifier)";
            SKIP_INSTALL = "YES";
            SWIFT_ACTIVE_COMPILATION_CONDITIONS = (
               "$(inherited)"
            );
            SWIFT_VERSION = "4.2";
            TARGET_NAME = "HiveMindCore";
         };
         name = "Debug";
      };
      "OBJ_86" = {
         isa = "XCBuildConfiguration";
         buildSettings = {
            ENABLE_TESTABILITY = "YES";
            FRAMEWORK_SEARCH_PATHS = (
               "$(inherited)",
               "$(PLATFORM_DIR)/Developer/Library/Frameworks"
            );
            HEADER_SEARCH_PATHS = (
               "$(inherited)"
            );
            INFOPLIST_FILE = "HiveMind.xcodeproj/HiveMindCore_Info.plist";
            LD_RUNPATH_SEARCH_PATHS = (
               "$(inherited)",
               "$(TOOLCHAIN_DIR)/usr/lib/swift/macosx"
            );
            OTHER_CFLAGS = (
               "$(inherited)"
            );
            OTHER_LDFLAGS = (
               "$(inherited)"
            );
            OTHER_SWIFT_FLAGS = (
               "$(inherited)"
            );
            PRODUCT_BUNDLE_IDENTIFIER = "HiveMindCore";
            PRODUCT_MODULE_NAME = "$(TARGET_NAME:c99extidentifier)";
            PRODUCT_NAME = "$(TARGET_NAME:c99extidentifier)";
            SKIP_INSTALL = "YES";
            SWIFT_ACTIVE_COMPILATION_CONDITIONS = (
               "$(inherited)"
            );
            SWIFT_VERSION = "4.2";
            TARGET_NAME = "HiveMindCore";
         };
         name = "Release";
      };
      "OBJ_87" = {
         isa = "PBXSourcesBuildPhase";
         files = (
            "OBJ_88",
            "OBJ_89",
            "OBJ_90",
            "OBJ_91"
         );
      };
      "OBJ_88" = {
         isa = "PBXBuildFile";
         fileRef = "OBJ_9";
      };
      "OBJ_89" = {
         isa = "PBXBuildFile";
         fileRef = "OBJ_11";
      };
      "OBJ_9" = {
         isa = "PBXFileReference";
         path = "CommandLineTool.swift";
         sourceTree = "<group>";
      };
      "OBJ_90" = {
         isa = "PBXBuildFile";
         fileRef = "OBJ_12";
      };
      "OBJ_91" = {
         isa = "PBXBuildFile";
         fileRef = "OBJ_13";
      };
      "OBJ_92" = {
         isa = "PBXFrameworksBuildPhase";
         files = (
            "OBJ_93"
         );
      };
      "OBJ_93" = {
         isa = "PBXBuildFile";
         fileRef = "HiveEngine::HiveEngine::Product";
      };
      "OBJ_94" = {
         isa = "PBXTargetDependency";
         target = "HiveEngine::HiveEngine";
      };
      "OBJ_96" = {
         isa = "XCConfigurationList";
         buildConfigurations = (
            "OBJ_97",
            "OBJ_98"
         );
         defaultConfigurationIsVisible = "0";
         defaultConfigurationName = "Release";
      };
      "OBJ_97" = {
         isa = "XCBuildConfiguration";
         buildSettings = {
            CLANG_ENABLE_MODULES = "YES";
            EMBEDDED_CONTENT_CONTAINS_SWIFT = "YES";
            FRAMEWORK_SEARCH_PATHS = (
               "$(inherited)",
               "$(PLATFORM_DIR)/Developer/Library/Frameworks"
            );
            HEADER_SEARCH_PATHS = (
               "$(inherited)"
            );
            INFOPLIST_FILE = "HiveMind.xcodeproj/HiveMindCoreTests_Info.plist";
            LD_RUNPATH_SEARCH_PATHS = (
               "$(inherited)",
               "@loader_path/../Frameworks",
               "@loader_path/Frameworks"
            );
            OTHER_CFLAGS = (
               "$(inherited)"
            );
            OTHER_LDFLAGS = (
               "$(inherited)"
            );
            OTHER_SWIFT_FLAGS = (
               "$(inherited)"
            );
            SWIFT_ACTIVE_COMPILATION_CONDITIONS = (
               "$(inherited)"
            );
            SWIFT_VERSION = "4.2";
            TARGET_NAME = "HiveMindCoreTests";
         };
         name = "Debug";
      };
      "OBJ_98" = {
         isa = "XCBuildConfiguration";
         buildSettings = {
            CLANG_ENABLE_MODULES = "YES";
            EMBEDDED_CONTENT_CONTAINS_SWIFT = "YES";
            FRAMEWORK_SEARCH_PATHS = (
               "$(inherited)",
               "$(PLATFORM_DIR)/Developer/Library/Frameworks"
            );
            HEADER_SEARCH_PATHS = (
               "$(inherited)"
            );
            INFOPLIST_FILE = "HiveMind.xcodeproj/HiveMindCoreTests_Info.plist";
            LD_RUNPATH_SEARCH_PATHS = (
               "$(inherited)",
               "@loader_path/../Frameworks",
               "@loader_path/Frameworks"
            );
            OTHER_CFLAGS = (
               "$(inherited)"
            );
            OTHER_LDFLAGS = (
               "$(inherited)"
            );
            OTHER_SWIFT_FLAGS = (
               "$(inherited)"
            );
            SWIFT_ACTIVE_COMPILATION_CONDITIONS = (
               "$(inherited)"
            );
            SWIFT_VERSION = "4.2";
            TARGET_NAME = "HiveMindCoreTests";
         };
         name = "Release";
      };
      "OBJ_99" = {
         isa = "PBXSourcesBuildPhase";
         files = (
            "OBJ_100",
            "OBJ_101"
         );
      };
   };
   rootObject = "OBJ_1";
}
