{
  "object": {
    "pins": [
      {
        "package": "HiveEngine",
        "repositoryURL": "git@github.com:josephroqueca/hive-engine.git",
        "state": {
          "branch": "master",
          "revision": "6544bb1e02362216afdf20d06c0e27caa403f52d",
          "version": null
        }
      }
    ]
  },
  "version": 1
}
