{
  "object": {
    "pins": [
      {
        "package": "HiveEngine",
        "repositoryURL": "git@github.com:josephroqueca/hive-engine.git",
        "state": {
          "branch": "master",
          "revision": "cd92f8eaf768b24aacafade8ea58b427377556f0",
          "version": null
        }
      }
    ]
  },
  "version": 1
}
