// !$*UTF8*$!
{
	archiveVersion = 1;
	classes = {
	};
	objectVersion = 50;
	objects = {

/* Begin PBXBuildFile section */
		CAC9F94B2213D77E0066B976 /* AppDelegate.swift in Sources */ = {isa = PBXBuildFile; fileRef = CAC9F94A2213D77E0066B976 /* AppDelegate.swift */; };
		CAC9F94D2213D77E0066B976 /* HiveMindViewController.swift in Sources */ = {isa = PBXBuildFile; fileRef = CAC9F94C2213D77E0066B976 /* HiveMindViewController.swift */; };
		CAC9F9522213D77F0066B976 /* Assets.xcassets in Resources */ = {isa = PBXBuildFile; fileRef = CAC9F9512213D77F0066B976 /* Assets.xcassets */; };
		CAC9F9552213D77F0066B976 /* LaunchScreen.storyboard in Resources */ = {isa = PBXBuildFile; fileRef = CAC9F9532213D77F0066B976 /* LaunchScreen.storyboard */; };
		CAC9F9602213D77F0066B976 /* HiveMindTests.swift in Sources */ = {isa = PBXBuildFile; fileRef = CAC9F95F2213D77F0066B976 /* HiveMindTests.swift */; };
		CAC9F96B2213D7800066B976 /* HiveMindUITests.swift in Sources */ = {isa = PBXBuildFile; fileRef = CAC9F96A2213D7800066B976 /* HiveMindUITests.swift */; };
/* End PBXBuildFile section */

/* Begin PBXContainerItemProxy section */
		CAC9F95C2213D77F0066B976 /* PBXContainerItemProxy */ = {
			isa = PBXContainerItemProxy;
			containerPortal = CAC9F93F2213D77E0066B976 /* Project object */;
			proxyType = 1;
			remoteGlobalIDString = CAC9F9462213D77E0066B976;
			remoteInfo = HiveMind;
		};
		CAC9F9672213D7800066B976 /* PBXContainerItemProxy */ = {
			isa = PBXContainerItemProxy;
			containerPortal = CAC9F93F2213D77E0066B976 /* Project object */;
			proxyType = 1;
			remoteGlobalIDString = CAC9F9462213D77E0066B976;
			remoteInfo = HiveMind;
		};
/* End PBXContainerItemProxy section */

/* Begin PBXFileReference section */
		CAC9F9472213D77E0066B976 /* HiveMind.app */ = {isa = PBXFileReference; explicitFileType = wrapper.application; includeInIndex = 0; path = HiveMind.app; sourceTree = BUILT_PRODUCTS_DIR; };
		CAC9F94A2213D77E0066B976 /* AppDelegate.swift */ = {isa = PBXFileReference; lastKnownFileType = sourcecode.swift; path = AppDelegate.swift; sourceTree = "<group>"; };
		CAC9F94C2213D77E0066B976 /* HiveMindViewController.swift */ = {isa = PBXFileReference; lastKnownFileType = sourcecode.swift; path = HiveMindViewController.swift; sourceTree = "<group>"; };
		CAC9F9512213D77F0066B976 /* Assets.xcassets */ = {isa = PBXFileReference; lastKnownFileType = folder.assetcatalog; path = Assets.xcassets; sourceTree = "<group>"; };
		CAC9F9542213D77F0066B976 /* Base */ = {isa = PBXFileReference; lastKnownFileType = file.storyboard; name = Base; path = Base.lproj/LaunchScreen.storyboard; sourceTree = "<group>"; };
		CAC9F9562213D77F0066B976 /* Info.plist */ = {isa = PBXFileReference; lastKnownFileType = text.plist.xml; path = Info.plist; sourceTree = "<group>"; };
		CAC9F95B2213D77F0066B976 /* HiveMindTests.xctest */ = {isa = PBXFileReference; explicitFileType = wrapper.cfbundle; includeInIndex = 0; path = HiveMindTests.xctest; sourceTree = BUILT_PRODUCTS_DIR; };
		CAC9F95F2213D77F0066B976 /* HiveMindTests.swift */ = {isa = PBXFileReference; lastKnownFileType = sourcecode.swift; path = HiveMindTests.swift; sourceTree = "<group>"; };
		CAC9F9612213D7800066B976 /* Info.plist */ = {isa = PBXFileReference; lastKnownFileType = text.plist.xml; path = Info.plist; sourceTree = "<group>"; };
		CAC9F9662213D7800066B976 /* HiveMindUITests.xctest */ = {isa = PBXFileReference; explicitFileType = wrapper.cfbundle; includeInIndex = 0; path = HiveMindUITests.xctest; sourceTree = BUILT_PRODUCTS_DIR; };
		CAC9F96A2213D7800066B976 /* HiveMindUITests.swift */ = {isa = PBXFileReference; lastKnownFileType = sourcecode.swift; path = HiveMindUITests.swift; sourceTree = "<group>"; };
		CAC9F96C2213D7800066B976 /* Info.plist */ = {isa = PBXFileReference; lastKnownFileType = text.plist.xml; path = Info.plist; sourceTree = "<group>"; };
/* End PBXFileReference section */

/* Begin PBXFrameworksBuildPhase section */
		CAC9F9442213D77E0066B976 /* Frameworks */ = {
			isa = PBXFrameworksBuildPhase;
			buildActionMask = 2147483647;
			files = (
			);
			runOnlyForDeploymentPostprocessing = 0;
		};
		CAC9F9582213D77F0066B976 /* Frameworks */ = {
			isa = PBXFrameworksBuildPhase;
			buildActionMask = 2147483647;
			files = (
			);
			runOnlyForDeploymentPostprocessing = 0;
		};
		CAC9F9632213D7800066B976 /* Frameworks */ = {
			isa = PBXFrameworksBuildPhase;
			buildActionMask = 2147483647;
			files = (
			);
			runOnlyForDeploymentPostprocessing = 0;
		};
/* End PBXFrameworksBuildPhase section */

/* Begin PBXGroup section */
		CAC9F93E2213D77E0066B976 = {
			isa = PBXGroup;
			children = (
				CAC9F9492213D77E0066B976 /* HiveMind */,
				CAC9F95E2213D77F0066B976 /* HiveMindTests */,
				CAC9F9692213D7800066B976 /* HiveMindUITests */,
				CAC9F9482213D77E0066B976 /* Products */,
			);
			sourceTree = "<group>";
		};
		CAC9F9482213D77E0066B976 /* Products */ = {
			isa = PBXGroup;
			children = (
				CAC9F9472213D77E0066B976 /* HiveMind.app */,
				CAC9F95B2213D77F0066B976 /* HiveMindTests.xctest */,
				CAC9F9662213D7800066B976 /* HiveMindUITests.xctest */,
			);
			name = Products;
			sourceTree = "<group>";
		};
		CAC9F9492213D77E0066B976 /* HiveMind */ = {
			isa = PBXGroup;
			children = (
				CAC9F9562213D77F0066B976 /* Info.plist */,
				CACACCC82213D8B8001B061A /* Resources */,
				CACACCC72213D898001B061A /* Source */,
			);
			path = HiveMind;
			sourceTree = "<group>";
		};
		CAC9F95E2213D77F0066B976 /* HiveMindTests */ = {
			isa = PBXGroup;
			children = (
				CAC9F95F2213D77F0066B976 /* HiveMindTests.swift */,
				CAC9F9612213D7800066B976 /* Info.plist */,
			);
			path = HiveMindTests;
			sourceTree = "<group>";
		};
		CAC9F9692213D7800066B976 /* HiveMindUITests */ = {
			isa = PBXGroup;
			children = (
				CAC9F96A2213D7800066B976 /* HiveMindUITests.swift */,
				CAC9F96C2213D7800066B976 /* Info.plist */,
			);
			path = HiveMindUITests;
			sourceTree = "<group>";
		};
		CACACCC72213D898001B061A /* Source */ = {
			isa = PBXGroup;
			children = (
				CAC9F94A2213D77E0066B976 /* AppDelegate.swift */,
				CAC9F94C2213D77E0066B976 /* HiveMindViewController.swift */,
			);
			path = Source;
			sourceTree = "<group>";
		};
		CACACCC82213D8B8001B061A /* Resources */ = {
			isa = PBXGroup;
			children = (
				CAC9F9512213D77F0066B976 /* Assets.xcassets */,
				CAC9F9532213D77F0066B976 /* LaunchScreen.storyboard */,
			);
			path = Resources;
			sourceTree = "<group>";
		};
/* End PBXGroup section */

/* Begin PBXNativeTarget section */
		CAC9F9462213D77E0066B976 /* HiveMind */ = {
			isa = PBXNativeTarget;
			buildConfigurationList = CAC9F96F2213D7800066B976 /* Build configuration list for PBXNativeTarget "HiveMind" */;
			buildPhases = (
				CAC9F9432213D77E0066B976 /* Sources */,
				CAC9F9442213D77E0066B976 /* Frameworks */,
				CAC9F9452213D77E0066B976 /* Resources */,
			);
			buildRules = (
			);
			dependencies = (
			);
			name = HiveMind;
			productName = HiveMind;
			productReference = CAC9F9472213D77E0066B976 /* HiveMind.app */;
			productType = "com.apple.product-type.application";
		};
		CAC9F95A2213D77F0066B976 /* HiveMindTests */ = {
			isa = PBXNativeTarget;
			buildConfigurationList = CAC9F9722213D7800066B976 /* Build configuration list for PBXNativeTarget "HiveMindTests" */;
			buildPhases = (
				CAC9F9572213D77F0066B976 /* Sources */,
				CAC9F9582213D77F0066B976 /* Frameworks */,
				CAC9F9592213D77F0066B976 /* Resources */,
			);
			buildRules = (
			);
			dependencies = (
				CAC9F95D2213D77F0066B976 /* PBXTargetDependency */,
			);
			name = HiveMindTests;
			productName = HiveMindTests;
			productReference = CAC9F95B2213D77F0066B976 /* HiveMindTests.xctest */;
			productType = "com.apple.product-type.bundle.unit-test";
		};
		CAC9F9652213D7800066B976 /* HiveMindUITests */ = {
			isa = PBXNativeTarget;
			buildConfigurationList = CAC9F9752213D7800066B976 /* Build configuration list for PBXNativeTarget "HiveMindUITests" */;
			buildPhases = (
				CAC9F9622213D7800066B976 /* Sources */,
				CAC9F9632213D7800066B976 /* Frameworks */,
				CAC9F9642213D7800066B976 /* Resources */,
			);
			buildRules = (
			);
			dependencies = (
				CAC9F9682213D7800066B976 /* PBXTargetDependency */,
			);
			name = HiveMindUITests;
			productName = HiveMindUITests;
			productReference = CAC9F9662213D7800066B976 /* HiveMindUITests.xctest */;
			productType = "com.apple.product-type.bundle.ui-testing";
		};
/* End PBXNativeTarget section */

/* Begin PBXProject section */
		CAC9F93F2213D77E0066B976 /* Project object */ = {
			isa = PBXProject;
			attributes = {
				LastSwiftUpdateCheck = 1010;
				LastUpgradeCheck = 1010;
				ORGANIZATIONNAME = "Joseph Roque";
				TargetAttributes = {
					CAC9F9462213D77E0066B976 = {
						CreatedOnToolsVersion = 10.1;
					};
					CAC9F95A2213D77F0066B976 = {
						CreatedOnToolsVersion = 10.1;
						TestTargetID = CAC9F9462213D77E0066B976;
					};
					CAC9F9652213D7800066B976 = {
						CreatedOnToolsVersion = 10.1;
						TestTargetID = CAC9F9462213D77E0066B976;
					};
				};
			};
			buildConfigurationList = CAC9F9422213D77E0066B976 /* Build configuration list for PBXProject "HiveMind" */;
			compatibilityVersion = "Xcode 9.3";
			developmentRegion = en;
			hasScannedForEncodings = 0;
			knownRegions = (
				en,
				Base,
			);
			mainGroup = CAC9F93E2213D77E0066B976;
			productRefGroup = CAC9F9482213D77E0066B976 /* Products */;
			projectDirPath = "";
			projectRoot = "";
			targets = (
				CAC9F9462213D77E0066B976 /* HiveMind */,
				CAC9F95A2213D77F0066B976 /* HiveMindTests */,
				CAC9F9652213D7800066B976 /* HiveMindUITests */,
			);
		};
/* End PBXProject section */

/* Begin PBXResourcesBuildPhase section */
		CAC9F9452213D77E0066B976 /* Resources */ = {
			isa = PBXResourcesBuildPhase;
			buildActionMask = 2147483647;
			files = (
				CAC9F9552213D77F0066B976 /* LaunchScreen.storyboard in Resources */,
				CAC9F9522213D77F0066B976 /* Assets.xcassets in Resources */,
			);
			runOnlyForDeploymentPostprocessing = 0;
		};
		CAC9F9592213D77F0066B976 /* Resources */ = {
			isa = PBXResourcesBuildPhase;
			buildActionMask = 2147483647;
			files = (
			);
			runOnlyForDeploymentPostprocessing = 0;
		};
		CAC9F9642213D7800066B976 /* Resources */ = {
			isa = PBXResourcesBuildPhase;
			buildActionMask = 2147483647;
			files = (
			);
			runOnlyForDeploymentPostprocessing = 0;
		};
/* End PBXResourcesBuildPhase section */

/* Begin PBXSourcesBuildPhase section */
		CAC9F9432213D77E0066B976 /* Sources */ = {
			isa = PBXSourcesBuildPhase;
			buildActionMask = 2147483647;
			files = (
				CAC9F94D2213D77E0066B976 /* HiveMindViewController.swift in Sources */,
				CAC9F94B2213D77E0066B976 /* AppDelegate.swift in Sources */,
			);
			runOnlyForDeploymentPostprocessing = 0;
		};
		CAC9F9572213D77F0066B976 /* Sources */ = {
			isa = PBXSourcesBuildPhase;
			buildActionMask = 2147483647;
			files = (
				CAC9F9602213D77F0066B976 /* HiveMindTests.swift in Sources */,
			);
			runOnlyForDeploymentPostprocessing = 0;
		};
		CAC9F9622213D7800066B976 /* Sources */ = {
			isa = PBXSourcesBuildPhase;
			buildActionMask = 2147483647;
			files = (
				CAC9F96B2213D7800066B976 /* HiveMindUITests.swift in Sources */,
			);
			runOnlyForDeploymentPostprocessing = 0;
		};
/* End PBXSourcesBuildPhase section */

/* Begin PBXTargetDependency section */
		CAC9F95D2213D77F0066B976 /* PBXTargetDependency */ = {
			isa = PBXTargetDependency;
			target = CAC9F9462213D77E0066B976 /* HiveMind */;
			targetProxy = CAC9F95C2213D77F0066B976 /* PBXContainerItemProxy */;
		};
		CAC9F9682213D7800066B976 /* PBXTargetDependency */ = {
			isa = PBXTargetDependency;
			target = CAC9F9462213D77E0066B976 /* HiveMind */;
			targetProxy = CAC9F9672213D7800066B976 /* PBXContainerItemProxy */;
		};
/* End PBXTargetDependency section */

/* Begin PBXVariantGroup section */
		CAC9F9532213D77F0066B976 /* LaunchScreen.storyboard */ = {
			isa = PBXVariantGroup;
			children = (
				CAC9F9542213D77F0066B976 /* Base */,
			);
			name = LaunchScreen.storyboard;
			sourceTree = "<group>";
		};
/* End PBXVariantGroup section */

/* Begin XCBuildConfiguration section */
		CAC9F96D2213D7800066B976 /* Debug */ = {
			isa = XCBuildConfiguration;
			buildSettings = {
				ALWAYS_SEARCH_USER_PATHS = NO;
				CLANG_ANALYZER_NONNULL = YES;
				CLANG_ANALYZER_NUMBER_OBJECT_CONVERSION = YES_AGGRESSIVE;
				CLANG_CXX_LANGUAGE_STANDARD = "gnu++14";
				CLANG_CXX_LIBRARY = "libc++";
				CLANG_ENABLE_MODULES = YES;
				CLANG_ENABLE_OBJC_ARC = YES;
				CLANG_ENABLE_OBJC_WEAK = YES;
				CLANG_WARN_BLOCK_CAPTURE_AUTORELEASING = YES;
				CLANG_WARN_BOOL_CONVERSION = YES;
				CLANG_WARN_COMMA = YES;
				CLANG_WARN_CONSTANT_CONVERSION = YES;
				CLANG_WARN_DEPRECATED_OBJC_IMPLEMENTATIONS = YES;
				CLANG_WARN_DIRECT_OBJC_ISA_USAGE = YES_ERROR;
				CLANG_WARN_DOCUMENTATION_COMMENTS = YES;
				CLANG_WARN_EMPTY_BODY = YES;
				CLANG_WARN_ENUM_CONVERSION = YES;
				CLANG_WARN_INFINITE_RECURSION = YES;
				CLANG_WARN_INT_CONVERSION = YES;
				CLANG_WARN_NON_LITERAL_NULL_CONVERSION = YES;
				CLANG_WARN_OBJC_IMPLICIT_RETAIN_SELF = YES;
				CLANG_WARN_OBJC_LITERAL_CONVERSION = YES;
				CLANG_WARN_OBJC_ROOT_CLASS = YES_ERROR;
				CLANG_WARN_RANGE_LOOP_ANALYSIS = YES;
				CLANG_WARN_STRICT_PROTOTYPES = YES;
				CLANG_WARN_SUSPICIOUS_MOVE = YES;
				CLANG_WARN_UNGUARDED_AVAILABILITY = YES_AGGRESSIVE;
				CLANG_WARN_UNREACHABLE_CODE = YES;
				CLANG_WARN__DUPLICATE_METHOD_MATCH = YES;
				CODE_SIGN_IDENTITY = "iPhone Developer";
				COPY_PHASE_STRIP = NO;
				DEBUG_INFORMATION_FORMAT = dwarf;
				ENABLE_STRICT_OBJC_MSGSEND = YES;
				ENABLE_TESTABILITY = YES;
				GCC_C_LANGUAGE_STANDARD = gnu11;
				GCC_DYNAMIC_NO_PIC = NO;
				GCC_NO_COMMON_BLOCKS = YES;
				GCC_OPTIMIZATION_LEVEL = 0;
				GCC_PREPROCESSOR_DEFINITIONS = (
					"DEBUG=1",
					"$(inherited)",
				);
				GCC_WARN_64_TO_32_BIT_CONVERSION = YES;
				GCC_WARN_ABOUT_RETURN_TYPE = YES_ERROR;
				GCC_WARN_UNDECLARED_SELECTOR = YES;
				GCC_WARN_UNINITIALIZED_AUTOS = YES_AGGRESSIVE;
				GCC_WARN_UNUSED_FUNCTION = YES;
				GCC_WARN_UNUSED_VARIABLE = YES;
				IPHONEOS_DEPLOYMENT_TARGET = 12.1;
				MTL_ENABLE_DEBUG_INFO = INCLUDE_SOURCE;
				MTL_FAST_MATH = YES;
				ONLY_ACTIVE_ARCH = YES;
				SDKROOT = iphoneos;
				SWIFT_ACTIVE_COMPILATION_CONDITIONS = DEBUG;
				SWIFT_OPTIMIZATION_LEVEL = "-Onone";
			};
			name = Debug;
		};
		CAC9F96E2213D7800066B976 /* Release */ = {
			isa = XCBuildConfiguration;
			buildSettings = {
				ALWAYS_SEARCH_USER_PATHS = NO;
				CLANG_ANALYZER_NONNULL = YES;
				CLANG_ANALYZER_NUMBER_OBJECT_CONVERSION = YES_AGGRESSIVE;
				CLANG_CXX_LANGUAGE_STANDARD = "gnu++14";
				CLANG_CXX_LIBRARY = "libc++";
				CLANG_ENABLE_MODULES = YES;
				CLANG_ENABLE_OBJC_ARC = YES;
				CLANG_ENABLE_OBJC_WEAK = YES;
				CLANG_WARN_BLOCK_CAPTURE_AUTORELEASING = YES;
				CLANG_WARN_BOOL_CONVERSION = YES;
				CLANG_WARN_COMMA = YES;
				CLANG_WARN_CONSTANT_CONVERSION = YES;
				CLANG_WARN_DEPRECATED_OBJC_IMPLEMENTATIONS = YES;
				CLANG_WARN_DIRECT_OBJC_ISA_USAGE = YES_ERROR;
				CLANG_WARN_DOCUMENTATION_COMMENTS = YES;
				CLANG_WARN_EMPTY_BODY = YES;
				CLANG_WARN_ENUM_CONVERSION = YES;
				CLANG_WARN_INFINITE_RECURSION = YES;
				CLANG_WARN_INT_CONVERSION = YES;
				CLANG_WARN_NON_LITERAL_NULL_CONVERSION = YES;
				CLANG_WARN_OBJC_IMPLICIT_RETAIN_SELF = YES;
				CLANG_WARN_OBJC_LITERAL_CONVERSION = YES;
				CLANG_WARN_OBJC_ROOT_CLASS = YES_ERROR;
				CLANG_WARN_RANGE_LOOP_ANALYSIS = YES;
				CLANG_WARN_STRICT_PROTOTYPES = YES;
				CLANG_WARN_SUSPICIOUS_MOVE = YES;
				CLANG_WARN_UNGUARDED_AVAILABILITY = YES_AGGRESSIVE;
				CLANG_WARN_UNREACHABLE_CODE = YES;
				CLANG_WARN__DUPLICATE_METHOD_MATCH = YES;
				CODE_SIGN_IDENTITY = "iPhone Developer";
				COPY_PHASE_STRIP = NO;
				DEBUG_INFORMATION_FORMAT = "dwarf-with-dsym";
				ENABLE_NS_ASSERTIONS = NO;
				ENABLE_STRICT_OBJC_MSGSEND = YES;
				GCC_C_LANGUAGE_STANDARD = gnu11;
				GCC_NO_COMMON_BLOCKS = YES;
				GCC_WARN_64_TO_32_BIT_CONVERSION = YES;
				GCC_WARN_ABOUT_RETURN_TYPE = YES_ERROR;
				GCC_WARN_UNDECLARED_SELECTOR = YES;
				GCC_WARN_UNINITIALIZED_AUTOS = YES_AGGRESSIVE;
				GCC_WARN_UNUSED_FUNCTION = YES;
				GCC_WARN_UNUSED_VARIABLE = YES;
				IPHONEOS_DEPLOYMENT_TARGET = 12.1;
				MTL_ENABLE_DEBUG_INFO = NO;
				MTL_FAST_MATH = YES;
				SDKROOT = iphoneos;
				SWIFT_COMPILATION_MODE = wholemodule;
				SWIFT_OPTIMIZATION_LEVEL = "-O";
				VALIDATE_PRODUCT = YES;
			};
			name = Release;
		};
		CAC9F9702213D7800066B976 /* Debug */ = {
			isa = XCBuildConfiguration;
			buildSettings = {
				ASSETCATALOG_COMPILER_APPICON_NAME = AppIcon;
				CODE_SIGN_STYLE = Automatic;
				DEVELOPMENT_TEAM = 3UBRXR267C;
				INFOPLIST_FILE = HiveMind/Info.plist;
				LD_RUNPATH_SEARCH_PATHS = (
					"$(inherited)",
					"@executable_path/Frameworks",
				);
				PRODUCT_BUNDLE_IDENTIFIER = ca.josephroque.HiveMind;
				PRODUCT_NAME = "$(TARGET_NAME)";
				SWIFT_VERSION = 4.2;
				TARGETED_DEVICE_FAMILY = "1,2";
			};
			name = Debug;
		};
		CAC9F9712213D7800066B976 /* Release */ = {
			isa = XCBuildConfiguration;
			buildSettings = {
				ASSETCATALOG_COMPILER_APPICON_NAME = AppIcon;
				CODE_SIGN_STYLE = Automatic;
				DEVELOPMENT_TEAM = 3UBRXR267C;
				INFOPLIST_FILE = HiveMind/Info.plist;
				LD_RUNPATH_SEARCH_PATHS = (
					"$(inherited)",
					"@executable_path/Frameworks",
				);
				PRODUCT_BUNDLE_IDENTIFIER = ca.josephroque.HiveMind;
				PRODUCT_NAME = "$(TARGET_NAME)";
				SWIFT_VERSION = 4.2;
				TARGETED_DEVICE_FAMILY = "1,2";
			};
			name = Release;
		};
		CAC9F9732213D7800066B976 /* Debug */ = {
			isa = XCBuildConfiguration;
			buildSettings = {
				ALWAYS_EMBED_SWIFT_STANDARD_LIBRARIES = YES;
				BUNDLE_LOADER = "$(TEST_HOST)";
				CODE_SIGN_STYLE = Automatic;
				DEVELOPMENT_TEAM = 3UBRXR267C;
				INFOPLIST_FILE = HiveMindTests/Info.plist;
				LD_RUNPATH_SEARCH_PATHS = (
					"$(inherited)",
					"@executable_path/Frameworks",
					"@loader_path/Frameworks",
				);
				PRODUCT_BUNDLE_IDENTIFIER = ca.josephroque.HiveMindTests;
				PRODUCT_NAME = "$(TARGET_NAME)";
				SWIFT_VERSION = 4.2;
				TARGETED_DEVICE_FAMILY = "1,2";
				TEST_HOST = "$(BUILT_PRODUCTS_DIR)/HiveMind.app/HiveMind";
			};
			name = Debug;
		};
		CAC9F9742213D7800066B976 /* Release */ = {
			isa = XCBuildConfiguration;
			buildSettings = {
				ALWAYS_EMBED_SWIFT_STANDARD_LIBRARIES = YES;
				BUNDLE_LOADER = "$(TEST_HOST)";
				CODE_SIGN_STYLE = Automatic;
				DEVELOPMENT_TEAM = 3UBRXR267C;
				INFOPLIST_FILE = HiveMindTests/Info.plist;
				LD_RUNPATH_SEARCH_PATHS = (
					"$(inherited)",
					"@executable_path/Frameworks",
					"@loader_path/Frameworks",
				);
				PRODUCT_BUNDLE_IDENTIFIER = ca.josephroque.HiveMindTests;
				PRODUCT_NAME = "$(TARGET_NAME)";
				SWIFT_VERSION = 4.2;
				TARGETED_DEVICE_FAMILY = "1,2";
				TEST_HOST = "$(BUILT_PRODUCTS_DIR)/HiveMind.app/HiveMind";
			};
			name = Release;
		};
		CAC9F9762213D7800066B976 /* Debug */ = {
			isa = XCBuildConfiguration;
			buildSettings = {
				ALWAYS_EMBED_SWIFT_STANDARD_LIBRARIES = YES;
				CODE_SIGN_STYLE = Automatic;
				DEVELOPMENT_TEAM = 3UBRXR267C;
				INFOPLIST_FILE = HiveMindUITests/Info.plist;
				LD_RUNPATH_SEARCH_PATHS = (
					"$(inherited)",
					"@executable_path/Frameworks",
					"@loader_path/Frameworks",
				);
				PRODUCT_BUNDLE_IDENTIFIER = ca.josephroque.HiveMindUITests;
				PRODUCT_NAME = "$(TARGET_NAME)";
				SWIFT_VERSION = 4.2;
				TARGETED_DEVICE_FAMILY = "1,2";
				TEST_TARGET_NAME = HiveMind;
			};
			name = Debug;
		};
		CAC9F9772213D7800066B976 /* Release */ = {
			isa = XCBuildConfiguration;
			buildSettings = {
				ALWAYS_EMBED_SWIFT_STANDARD_LIBRARIES = YES;
				CODE_SIGN_STYLE = Automatic;
				DEVELOPMENT_TEAM = 3UBRXR267C;
				INFOPLIST_FILE = HiveMindUITests/Info.plist;
				LD_RUNPATH_SEARCH_PATHS = (
					"$(inherited)",
					"@executable_path/Frameworks",
					"@loader_path/Frameworks",
				);
				PRODUCT_BUNDLE_IDENTIFIER = ca.josephroque.HiveMindUITests;
				PRODUCT_NAME = "$(TARGET_NAME)";
				SWIFT_VERSION = 4.2;
				TARGETED_DEVICE_FAMILY = "1,2";
				TEST_TARGET_NAME = HiveMind;
			};
			name = Release;
		};
/* End XCBuildConfiguration section */

/* Begin XCConfigurationList section */
		CAC9F9422213D77E0066B976 /* Build configuration list for PBXProject "HiveMind" */ = {
			isa = XCConfigurationList;
			buildConfigurations = (
				CAC9F96D2213D7800066B976 /* Debug */,
				CAC9F96E2213D7800066B976 /* Release */,
			);
			defaultConfigurationIsVisible = 0;
			defaultConfigurationName = Release;
		};
		CAC9F96F2213D7800066B976 /* Build configuration list for PBXNativeTarget "HiveMind" */ = {
			isa = XCConfigurationList;
			buildConfigurations = (
				CAC9F9702213D7800066B976 /* Debug */,
				CAC9F9712213D7800066B976 /* Release */,
			);
			defaultConfigurationIsVisible = 0;
			defaultConfigurationName = Release;
		};
		CAC9F9722213D7800066B976 /* Build configuration list for PBXNativeTarget "HiveMindTests" */ = {
			isa = XCConfigurationList;
			buildConfigurations = (
				CAC9F9732213D7800066B976 /* Debug */,
				CAC9F9742213D7800066B976 /* Release */,
			);
			defaultConfigurationIsVisible = 0;
			defaultConfigurationName = Release;
		};
		CAC9F9752213D7800066B976 /* Build configuration list for PBXNativeTarget "HiveMindUITests" */ = {
			isa = XCConfigurationList;
			buildConfigurations = (
				CAC9F9762213D7800066B976 /* Debug */,
				CAC9F9772213D7800066B976 /* Release */,
			);
			defaultConfigurationIsVisible = 0;
			defaultConfigurationName = Release;
		};
/* End XCConfigurationList section */
	};
	rootObject = CAC9F93F2213D77E0066B976 /* Project object */;
}
